
Microsoft Visual Studio Solution File, Format Version 12.00
# Visual Studio Version 16
VisualStudioVersion = 16.0.32407.337
MinimumVisualStudioVersion = 10.0.40219.1
Project("{8BC9CEB8-8B4A-11D0-8D11-00A0C91BC942}") = "MFC_创建Windows窗口", "MFC\MFC.vcxproj", "{54C00081-B8A4-4E1F-89CC-577FBA416E95}"
EndProject
Project("{8BC9CEB8-8B4A-11D0-8D11-00A0C91BC942}") = "MFC_创建非模态对话框", "MFC_创建模态对话框\MFC_创建模态对话框.vcxproj", "{8DB977D3-BE05-451A-BCBA-E8844A6CBC6D}"
EndProject
Project("{8BC9CEB8-8B4A-11D0-8D11-00A0C91BC942}") = "MFC_创建模态对话框", "MFC_非模态对话框\MFC_非模态对话框.vcxproj", "{078F50CD-0847-431E-BFAF-5A5CE8C6870E}"
EndProject
Project("{8BC9CEB8-8B4A-11D0-8D11-00A0C91BC942}") = "DLL动态链接库", "..\DLL动态链接库\DLL动态链接库.vcxproj", "{8B46BF2F-295A-48FD-91A9-D9447DC37367}"
EndProject
Project("{8BC9CEB8-8B4A-11D0-8D11-00A0C91BC942}") = "动态链接库导入第一种办法", "..\动态链接库导入第一种办法\动态链接库导入第一种办法.vcxproj", "{34C887B1-C916-46C4-B73D-F313A691BE86}"
EndProject
Project("{8BC9CEB8-8B4A-11D0-8D11-00A0C91BC942}") = "动态链接库导入第二种办法", "..\动态链接库导入第二种办法\动态链接库导入第二种办法.vcxproj", "{F37F7B5D-3E05-4B8D-B6DB-6530CF80D908}"
EndProject
Project("{8BC9CEB8-8B4A-11D0-8D11-00A0C91BC942}") = "创建一个进程", "..\创建一个进程\创建一个进程.vcxproj", "{A76C2C8D-C1F5-43C7-8241-AF0E1E916477}"
EndProject
Project("{8BC9CEB8-8B4A-11D0-8D11-00A0C91BC942}") = "文件的相关操作", "..\文件的相关操作\文件的相关操作.vcxproj", "{B9C1FC1D-92DB-43E9-B0F4-941F9C712A4D}"
EndProject
Project("{8BC9CEB8-8B4A-11D0-8D11-00A0C91BC942}") = "进程间的通信_接收", "..\进程间的通信_接收\进程间的通信_接收.vcxproj", "{BF833CB3-C135-46E1-B03F-40629EF3FF9A}"
EndProject
Global
	GlobalSection(SolutionConfigurationPlatforms) = preSolution
		Debug|x64 = Debug|x64
		Debug|x86 = Debug|x86
		Release|x64 = Release|x64
		Release|x86 = Release|x86
	EndGlobalSection
	GlobalSection(ProjectConfigurationPlatforms) = postSolution
		{54C00081-B8A4-4E1F-89CC-577FBA416E95}.Debug|x64.ActiveCfg = Debug|x64
		{54C00081-B8A4-4E1F-89CC-577FBA416E95}.Debug|x64.Build.0 = Debug|x64
		{54C00081-B8A4-4E1F-89CC-577FBA416E95}.Debug|x86.ActiveCfg = Debug|Win32
		{54C00081-B8A4-4E1F-89CC-577FBA416E95}.Debug|x86.Build.0 = Debug|Win32
		{54C00081-B8A4-4E1F-89CC-577FBA416E95}.Release|x64.ActiveCfg = Release|x64
		{54C00081-B8A4-4E1F-89CC-577FBA416E95}.Release|x64.Build.0 = Release|x64
		{54C00081-B8A4-4E1F-89CC-577FBA416E95}.Release|x86.ActiveCfg = Release|Win32
		{54C00081-B8A4-4E1F-89CC-577FBA416E95}.Release|x86.Build.0 = Release|Win32
		{8DB977D3-BE05-451A-BCBA-E8844A6CBC6D}.Debug|x64.ActiveCfg = Debug|x64
		{8DB977D3-BE05-451A-BCBA-E8844A6CBC6D}.Debug|x64.Build.0 = Debug|x64
		{8DB977D3-BE05-451A-BCBA-E8844A6CBC6D}.Debug|x86.ActiveCfg = Debug|Win32
		{8DB977D3-BE05-451A-BCBA-E8844A6CBC6D}.Debug|x86.Build.0 = Debug|Win32
		{8DB977D3-BE05-451A-BCBA-E8844A6CBC6D}.Release|x64.ActiveCfg = Release|x64
		{8DB977D3-BE05-451A-BCBA-E8844A6CBC6D}.Release|x64.Build.0 = Release|x64
		{8DB977D3-BE05-451A-BCBA-E8844A6CBC6D}.Release|x86.ActiveCfg = Release|Win32
		{8DB977D3-BE05-451A-BCBA-E8844A6CBC6D}.Release|x86.Build.0 = Release|Win32
		{078F50CD-0847-431E-BFAF-5A5CE8C6870E}.Debug|x64.ActiveCfg = Debug|x64
		{078F50CD-0847-431E-BFAF-5A5CE8C6870E}.Debug|x64.Build.0 = Debug|x64
		{078F50CD-0847-431E-BFAF-5A5CE8C6870E}.Debug|x86.ActiveCfg = Debug|Win32
		{078F50CD-0847-431E-BFAF-5A5CE8C6870E}.Debug|x86.Build.0 = Debug|Win32
		{078F50CD-0847-431E-BFAF-5A5CE8C6870E}.Release|x64.ActiveCfg = Release|x64
		{078F50CD-0847-431E-BFAF-5A5CE8C6870E}.Release|x64.Build.0 = Release|x64
		{078F50CD-0847-431E-BFAF-5A5CE8C6870E}.Release|x86.ActiveCfg = Release|Win32
		{078F50CD-0847-431E-BFAF-5A5CE8C6870E}.Release|x86.Build.0 = Release|Win32
		{8B46BF2F-295A-48FD-91A9-D9447DC37367}.Debug|x64.ActiveCfg = Debug|x64
		{8B46BF2F-295A-48FD-91A9-D9447DC37367}.Debug|x64.Build.0 = Debug|x64
		{8B46BF2F-295A-48FD-91A9-D9447DC37367}.Debug|x86.ActiveCfg = Debug|Win32
		{8B46BF2F-295A-48FD-91A9-D9447DC37367}.Debug|x86.Build.0 = Debug|Win32
		{8B46BF2F-295A-48FD-91A9-D9447DC37367}.Release|x64.ActiveCfg = Release|x64
		{8B46BF2F-295A-48FD-91A9-D9447DC37367}.Release|x64.Build.0 = Release|x64
		{8B46BF2F-295A-48FD-91A9-D9447DC37367}.Release|x86.ActiveCfg = Release|Win32
		{8B46BF2F-295A-48FD-91A9-D9447DC37367}.Release|x86.Build.0 = Release|Win32
		{34C887B1-C916-46C4-B73D-F313A691BE86}.Debug|x64.ActiveCfg = Debug|x64
		{34C887B1-C916-46C4-B73D-F313A691BE86}.Debug|x64.Build.0 = Debug|x64
		{34C887B1-C916-46C4-B73D-F313A691BE86}.Debug|x86.ActiveCfg = Debug|Win32
		{34C887B1-C916-46C4-B73D-F313A691BE86}.Debug|x86.Build.0 = Debug|Win32
		{34C887B1-C916-46C4-B73D-F313A691BE86}.Release|x64.ActiveCfg = Release|x64
		{34C887B1-C916-46C4-B73D-F313A691BE86}.Release|x64.Build.0 = Release|x64
		{34C887B1-C916-46C4-B73D-F313A691BE86}.Release|x86.ActiveCfg = Release|Win32
		{34C887B1-C916-46C4-B73D-F313A691BE86}.Release|x86.Build.0 = Release|Win32
		{F37F7B5D-3E05-4B8D-B6DB-6530CF80D908}.Debug|x64.ActiveCfg = Debug|x64
		{F37F7B5D-3E05-4B8D-B6DB-6530CF80D908}.Debug|x64.Build.0 = Debug|x64
		{F37F7B5D-3E05-4B8D-B6DB-6530CF80D908}.Debug|x86.ActiveCfg = Debug|Win32
		{F37F7B5D-3E05-4B8D-B6DB-6530CF80D908}.Debug|x86.Build.0 = Debug|Win32
		{F37F7B5D-3E05-4B8D-B6DB-6530CF80D908}.Release|x64.ActiveCfg = Release|x64
		{F37F7B5D-3E05-4B8D-B6DB-6530CF80D908}.Release|x64.Build.0 = Release|x64
		{F37F7B5D-3E05-4B8D-B6DB-6530CF80D908}.Release|x86.ActiveCfg = Release|Win32
		{F37F7B5D-3E05-4B8D-B6DB-6530CF80D908}.Release|x86.Build.0 = Release|Win32
		{A76C2C8D-C1F5-43C7-8241-AF0E1E916477}.Debug|x64.ActiveCfg = Debug|x64
		{A76C2C8D-C1F5-43C7-8241-AF0E1E916477}.Debug|x64.Build.0 = Debug|x64
		{A76C2C8D-C1F5-43C7-8241-AF0E1E916477}.Debug|x86.ActiveCfg = Debug|Win32
		{A76C2C8D-C1F5-43C7-8241-AF0E1E916477}.Debug|x86.Build.0 = Debug|Win32
		{A76C2C8D-C1F5-43C7-8241-AF0E1E916477}.Release|x64.ActiveCfg = Release|x64
		{A76C2C8D-C1F5-43C7-8241-AF0E1E916477}.Release|x64.Build.0 = Release|x64
		{A76C2C8D-C1F5-43C7-8241-AF0E1E916477}.Release|x86.ActiveCfg = Release|Win32
		{A76C2C8D-C1F5-43C7-8241-AF0E1E916477}.Release|x86.Build.0 = Release|Win32
		{B9C1FC1D-92DB-43E9-B0F4-941F9C712A4D}.Debug|x64.ActiveCfg = Debug|x64
		{B9C1FC1D-92DB-43E9-B0F4-941F9C712A4D}.Debug|x64.Build.0 = Debug|x64
		{B9C1FC1D-92DB-43E9-B0F4-941F9C712A4D}.Debug|x86.ActiveCfg = Debug|Win32
		{B9C1FC1D-92DB-43E9-B0F4-941F9C712A4D}.Debug|x86.Build.0 = Debug|Win32
		{B9C1FC1D-92DB-43E9-B0F4-941F9C712A4D}.Release|x64.ActiveCfg = Release|x64
		{B9C1FC1D-92DB-43E9-B0F4-941F9C712A4D}.Release|x64.Build.0 = Release|x64
		{B9C1FC1D-92DB-43E9-B0F4-941F9C712A4D}.Release|x86.ActiveCfg = Release|Win32
		{B9C1FC1D-92DB-43E9-B0F4-941F9C712A4D}.Release|x86.Build.0 = Release|Win32
		{BF833CB3-C135-46E1-B03F-40629EF3FF9A}.Debug|x64.ActiveCfg = Debug|x64
		{BF833CB3-C135-46E1-B03F-40629EF3FF9A}.Debug|x64.Build.0 = Debug|x64
		{BF833CB3-C135-46E1-B03F-40629EF3FF9A}.Debug|x86.ActiveCfg = Debug|Win32
		{BF833CB3-C135-46E1-B03F-40629EF3FF9A}.Debug|x86.Build.0 = Debug|Win32
		{BF833CB3-C135-46E1-B03F-40629EF3FF9A}.Release|x64.ActiveCfg = Release|x64
		{BF833CB3-C135-46E1-B03F-40629EF3FF9A}.Release|x64.Build.0 = Release|x64
		{BF833CB3-C135-46E1-B03F-40629EF3FF9A}.Release|x86.ActiveCfg = Release|Win32
		{BF833CB3-C135-46E1-B03F-40629EF3FF9A}.Release|x86.Build.0 = Release|Win32
	EndGlobalSection
	GlobalSection(SolutionProperties) = preSolution
		HideSolutionNode = FALSE
	EndGlobalSection
	GlobalSection(ExtensibilityGlobals) = postSolution
		SolutionGuid = {E4647FCA-861D-4D4D-9605-CFB5D6755337}
	EndGlobalSection
EndGlobal
